
Microsoft Visual Studio Solution File, Format Version 12.00
# Visual Studio 15
VisualStudioVersion = 15.0.27428.2043
MinimumVisualStudioVersion = 10.0.40219.1
Project("{FAE04EC0-301F-11D3-BF4B-00C04F79EFBC}") = "CourseWork_ASP_NET_MVC", "CourseWork_ASP_NET_MVC\CourseWork_ASP_NET_MVC.csproj", "{1A1CEF93-AF6D-48D5-A7DD-F1FAD30B52DE}"
EndProject
Global
	GlobalSection(SolutionConfigurationPlatforms) = preSolution
		Debug|Any CPU = Debug|Any CPU
		Release|Any CPU = Release|Any CPU
	EndGlobalSection
	GlobalSection(ProjectConfigurationPlatforms) = postSolution
		{1A1CEF93-AF6D-48D5-A7DD-F1FAD30B52DE}.Debug|Any CPU.ActiveCfg = Debug|Any CPU
		{1A1CEF93-AF6D-48D5-A7DD-F1FAD30B52DE}.Debug|Any CPU.Build.0 = Debug|Any CPU
		{1A1CEF93-AF6D-48D5-A7DD-F1FAD30B52DE}.Release|Any CPU.ActiveCfg = Release|Any CPU
		{1A1CEF93-AF6D-48D5-A7DD-F1FAD30B52DE}.Release|Any CPU.Build.0 = Release|Any CPU
	EndGlobalSection
	GlobalSection(SolutionProperties) = preSolution
		HideSolutionNode = FALSE
	EndGlobalSection
	GlobalSection(ExtensibilityGlobals) = postSolution
		SolutionGuid = {C1F15501-66A4-4E3C-B4B8-8286C0A8AB61}
	EndGlobalSection
EndGlobal
